
Microsoft Visual Studio Solution File, Format Version 12.00
# Visual Studio 2015
Project("{FAE04EC0-301F-11D3-BF4B-00C04F79EFBC}") = "sandcastle", "sandcastle.csproj", "{A0340C8E-BCDE-B771-3D09-DAA76B2E0D4D}"
EndProject
Global
	GlobalSection(SolutionConfigurationPlatforms) = preSolution
		Debug|Any CPU = Debug|Any CPU
		Release|Any CPU = Release|Any CPU
	EndGlobalSection
	GlobalSection(ProjectConfigurationPlatforms) = postSolution
		{A0340C8E-BCDE-B771-3D09-DAA76B2E0D4D}.Debug|Any CPU.ActiveCfg = Debug|Any CPU
		{A0340C8E-BCDE-B771-3D09-DAA76B2E0D4D}.Debug|Any CPU.Build.0 = Debug|Any CPU
		{A0340C8E-BCDE-B771-3D09-DAA76B2E0D4D}.Release|Any CPU.ActiveCfg = Release|Any CPU
		{A0340C8E-BCDE-B771-3D09-DAA76B2E0D4D}.Release|Any CPU.Build.0 = Release|Any CPU
	EndGlobalSection
	GlobalSection(SolutionProperties) = preSolution
		HideSolutionNode = FALSE
	EndGlobalSection
EndGlobal
